
Microsoft Visual Studio Solution File, Format Version 12.00
# Visual Studio 15
VisualStudioVersion = 15.0.28010.2050
MinimumVisualStudioVersion = 10.0.40219.1
Project("{8BC9CEB8-8B4A-11D0-8D11-00A0C91BC942}") = "pract7", "pract7\pract7.vcxproj", "{359B99D2-ED17-404F-B899-38F6F0565625}"
EndProject
Global
	GlobalSection(SolutionConfigurationPlatforms) = preSolution
		Debug|x64 = Debug|x64
		Debug|x86 = Debug|x86
		Release|x64 = Release|x64
		Release|x86 = Release|x86
	EndGlobalSection
	GlobalSection(ProjectConfigurationPlatforms) = postSolution
		{359B99D2-ED17-404F-B899-38F6F0565625}.Debug|x64.ActiveCfg = Debug|x64
		{359B99D2-ED17-404F-B899-38F6F0565625}.Debug|x64.Build.0 = Debug|x64
		{359B99D2-ED17-404F-B899-38F6F0565625}.Debug|x86.ActiveCfg = Debug|Win32
		{359B99D2-ED17-404F-B899-38F6F0565625}.Debug|x86.Build.0 = Debug|Win32
		{359B99D2-ED17-404F-B899-38F6F0565625}.Release|x64.ActiveCfg = Release|x64
		{359B99D2-ED17-404F-B899-38F6F0565625}.Release|x64.Build.0 = Release|x64
		{359B99D2-ED17-404F-B899-38F6F0565625}.Release|x86.ActiveCfg = Release|Win32
		{359B99D2-ED17-404F-B899-38F6F0565625}.Release|x86.Build.0 = Release|Win32
	EndGlobalSection
	GlobalSection(SolutionProperties) = preSolution
		HideSolutionNode = FALSE
	EndGlobalSection
	GlobalSection(ExtensibilityGlobals) = postSolution
		SolutionGuid = {1A10C64E-B152-46F5-BDDC-9863CEB58D2E}
	EndGlobalSection
EndGlobal
